
Microsoft Visual Studio Solution File, Format Version 12.00
# Visual Studio Version 17
VisualStudioVersion = 17.13.35919.96
MinimumVisualStudioVersion = 10.0.40219.1
Project("{FAE04EC0-301F-11D3-BF4B-00C04F79EFBC}") = "BT_Lab", "BT_Lab\BT_Lab.csproj", "{603908B5-8D78-47E7-A40F-C0623843E668}"
EndProject
Project("{FAE04EC0-301F-11D3-BF4B-00C04F79EFBC}") = "LAB02", "LAB02\LAB02.csproj", "{66D0975C-3E05-432A-A2DD-2DBDAF5EBB79}"
EndProject
Project("{FAE04EC0-301F-11D3-BF4B-00C04F79EFBC}") = "Lab1.3", "Lab1.3\Lab1.3.csproj", "{86284242-1A47-4F9C-9E03-78EE05F18FC0}"
EndProject
Project("{FAE04EC0-301F-11D3-BF4B-00C04F79EFBC}") = "Lab1.4", "Lab1.4\Lab1.4.csproj", "{1958BAC7-8A9A-440D-8AC9-3DA4297E94A3}"
EndProject
Project("{FAE04EC0-301F-11D3-BF4B-00C04F79EFBC}") = "Lab1.5", "Lab1.5\Lab1.5.csproj", "{026378A6-1BD5-4965-8D8F-CB449E7274CD}"
EndProject
Project("{FAE04EC0-301F-11D3-BF4B-00C04F79EFBC}") = "LAB2", "LAB2\LAB2.csproj", "{56B7913A-886E-4115-8F27-3BCEAA07E417}"
EndProject
Project("{FAE04EC0-301F-11D3-BF4B-00C04F79EFBC}") = "LAB3", "LAB3\LAB3.csproj", "{6BB56ADE-34B6-462D-81E2-D309AF9F4615}"
EndProject
Project("{FAE04EC0-301F-11D3-BF4B-00C04F79EFBC}") = "LAB5", "LAB5\LAB5.csproj", "{FA2DCCCE-F1AF-4CA1-B802-99DCF3BA7117}"
EndProject
Project("{FAE04EC0-301F-11D3-BF4B-00C04F79EFBC}") = "LAB6", "LAB6\LAB6.csproj", "{BFE2160A-1AB6-42B5-BB02-83BF5E185DDB}"
EndProject
Global
	GlobalSection(SolutionConfigurationPlatforms) = preSolution
		Debug|Any CPU = Debug|Any CPU
		Release|Any CPU = Release|Any CPU
	EndGlobalSection
	GlobalSection(ProjectConfigurationPlatforms) = postSolution
		{603908B5-8D78-47E7-A40F-C0623843E668}.Debug|Any CPU.ActiveCfg = Debug|Any CPU
		{603908B5-8D78-47E7-A40F-C0623843E668}.Debug|Any CPU.Build.0 = Debug|Any CPU
		{603908B5-8D78-47E7-A40F-C0623843E668}.Release|Any CPU.ActiveCfg = Release|Any CPU
		{603908B5-8D78-47E7-A40F-C0623843E668}.Release|Any CPU.Build.0 = Release|Any CPU
		{66D0975C-3E05-432A-A2DD-2DBDAF5EBB79}.Debug|Any CPU.ActiveCfg = Debug|Any CPU
		{66D0975C-3E05-432A-A2DD-2DBDAF5EBB79}.Debug|Any CPU.Build.0 = Debug|Any CPU
		{66D0975C-3E05-432A-A2DD-2DBDAF5EBB79}.Release|Any CPU.ActiveCfg = Release|Any CPU
		{66D0975C-3E05-432A-A2DD-2DBDAF5EBB79}.Release|Any CPU.Build.0 = Release|Any CPU
		{86284242-1A47-4F9C-9E03-78EE05F18FC0}.Debug|Any CPU.ActiveCfg = Debug|Any CPU
		{86284242-1A47-4F9C-9E03-78EE05F18FC0}.Debug|Any CPU.Build.0 = Debug|Any CPU
		{86284242-1A47-4F9C-9E03-78EE05F18FC0}.Release|Any CPU.ActiveCfg = Release|Any CPU
		{86284242-1A47-4F9C-9E03-78EE05F18FC0}.Release|Any CPU.Build.0 = Release|Any CPU
		{1958BAC7-8A9A-440D-8AC9-3DA4297E94A3}.Debug|Any CPU.ActiveCfg = Debug|Any CPU
		{1958BAC7-8A9A-440D-8AC9-3DA4297E94A3}.Debug|Any CPU.Build.0 = Debug|Any CPU
		{1958BAC7-8A9A-440D-8AC9-3DA4297E94A3}.Release|Any CPU.ActiveCfg = Release|Any CPU
		{1958BAC7-8A9A-440D-8AC9-3DA4297E94A3}.Release|Any CPU.Build.0 = Release|Any CPU
		{026378A6-1BD5-4965-8D8F-CB449E7274CD}.Debug|Any CPU.ActiveCfg = Debug|Any CPU
		{026378A6-1BD5-4965-8D8F-CB449E7274CD}.Debug|Any CPU.Build.0 = Debug|Any CPU
		{026378A6-1BD5-4965-8D8F-CB449E7274CD}.Release|Any CPU.ActiveCfg = Release|Any CPU
		{026378A6-1BD5-4965-8D8F-CB449E7274CD}.Release|Any CPU.Build.0 = Release|Any CPU
		{56B7913A-886E-4115-8F27-3BCEAA07E417}.Debug|Any CPU.ActiveCfg = Debug|Any CPU
		{56B7913A-886E-4115-8F27-3BCEAA07E417}.Debug|Any CPU.Build.0 = Debug|Any CPU
		{56B7913A-886E-4115-8F27-3BCEAA07E417}.Release|Any CPU.ActiveCfg = Release|Any CPU
		{56B7913A-886E-4115-8F27-3BCEAA07E417}.Release|Any CPU.Build.0 = Release|Any CPU
		{6BB56ADE-34B6-462D-81E2-D309AF9F4615}.Debug|Any CPU.ActiveCfg = Debug|Any CPU
		{6BB56ADE-34B6-462D-81E2-D309AF9F4615}.Debug|Any CPU.Build.0 = Debug|Any CPU
		{6BB56ADE-34B6-462D-81E2-D309AF9F4615}.Release|Any CPU.ActiveCfg = Release|Any CPU
		{6BB56ADE-34B6-462D-81E2-D309AF9F4615}.Release|Any CPU.Build.0 = Release|Any CPU
		{FA2DCCCE-F1AF-4CA1-B802-99DCF3BA7117}.Debug|Any CPU.ActiveCfg = Debug|Any CPU
		{FA2DCCCE-F1AF-4CA1-B802-99DCF3BA7117}.Debug|Any CPU.Build.0 = Debug|Any CPU
		{FA2DCCCE-F1AF-4CA1-B802-99DCF3BA7117}.Release|Any CPU.ActiveCfg = Release|Any CPU
		{FA2DCCCE-F1AF-4CA1-B802-99DCF3BA7117}.Release|Any CPU.Build.0 = Release|Any CPU
		{BFE2160A-1AB6-42B5-BB02-83BF5E185DDB}.Debug|Any CPU.ActiveCfg = Debug|Any CPU
		{BFE2160A-1AB6-42B5-BB02-83BF5E185DDB}.Debug|Any CPU.Build.0 = Debug|Any CPU
		{BFE2160A-1AB6-42B5-BB02-83BF5E185DDB}.Release|Any CPU.ActiveCfg = Release|Any CPU
		{BFE2160A-1AB6-42B5-BB02-83BF5E185DDB}.Release|Any CPU.Build.0 = Release|Any CPU
	EndGlobalSection
	GlobalSection(SolutionProperties) = preSolution
		HideSolutionNode = FALSE
	EndGlobalSection
	GlobalSection(ExtensibilityGlobals) = postSolution
		SolutionGuid = {C45295AC-9FE0-43E8-B346-E860630AFCA0}
	EndGlobalSection
EndGlobal
